{
  "name": "react",
  "version": "0.0.0",
  "lockfileVersion": 3,
  "requires": true,
  "packages": {
    "": {
      "name": "react",
      "version": "0.0.0",
      "dependencies": {
        "react": "^19.2.7",
        "react-dom": "^19.2.7"
      },
      "devDependencies": {
        "@types/react": "^19.2.17",
        "@types/react-dom": "^19.2.3",
        "@vitejs/plugin-react": "^6.0.3",
        "oxlint": "^1.71.0",
        "vite": "^8.1.1"
      }
    },
    "node_modules/@emnapi/core": {
      "version": "1.11.1",
      "resolved": "https://registry.npmjs.org/@emnapi/core/-/core-1.11.1.tgz",
      "integrity": "sha512-RSvbQmHzdKzNsLYa/wHrbc3KN4sYLKAdPZxqiM2HATqv/SBk2/ENSHpvXGaLOMcsAyz0poEGqkmmKYG3OWiJEQ==",
      "dev": true,
      "license": "MIT",
      "optional": true,
      "dependencies": {
        "@emnapi/wasi-threads": "1.2.2",
        "tslib": "^2.4.0"
      }
    }
  }
}
